{"name":"mcp-3d-printer-server","version":"0.0.0-security-hardening-pr8","lockfileVersion":3,"requires":true,"packages":{"":{"name":"mcp-3d-printer-server","version":"0.0.0-security-hardening-pr8","dependencies":{"@babel/runtime":"^7.26.10"},"overrides":{"semver":">=7.5.2"}},"node_modules/@babel/runtime":{"version":"7.28.2","resolved":"https://registry.npmjs.org/@babel/runtime/-/runtime-7.28.2.tgz","integrity":"sha512-PLACEHOLDER","license":"MIT"}}}
